# This file is automatically @generated by Cargo.
# It is not intended for manual editing.
version = 4

[[package]]
name = "critical-section"
version = "1.2.0"
source = "registry+https://github.com/rust-lang/crates.io-index"
checksum = "790eea4361631c5e7d22598ecd5723ff611904e3344ce8720784c93e3d83d40b"

[[package]]
name = "embedded-hal"
version = "1.0.0"
source = "registry+https://github.com/rust-lang/crates.io-index"
checksum = "361a90feb7004eca4019fb28352a9465666b24f840f5c3cddf0ff13920590b89"

[[package]]
name = "pastey"
version = "0.2.3"
source = "registry+https://github.com/rust-lang/crates.io-index"
checksum = "2ee67f1008b1ba2321834326597b8e186293b049a023cdef258527550b9935b4"

[[package]]
name = "riscv"
version = "0.16.1"
source = "registry+https://github.com/rust-lang/crates.io-index"
checksum = "e42cdafa0aa3f0f956b7993cace26de5dafff7bb4f2c5b1dcb2c3723f4267a4f"
dependencies = [
 "critical-section",
 "embedded-hal",
 "pastey",
 "riscv-types",
]

[[package]]
name = "riscv-types"
version = "0.1.0"
source = "registry+https://github.com/rust-lang/crates.io-index"
checksum = "d3f2ad9f15a07f4a0e1677124f9120ce7e83ab7e1ca7186af0ca9da529b62e80"

[[package]]
name = "spacemit-hal"
version = "0.0.0"
dependencies = [
 "embedded-hal",
]

[[package]]
name = "spacemit-riscv"
version = "0.0.0"
dependencies = [
 "riscv",
]

[[package]]
name = "spacemit-rt"
version = "0.0.0"
dependencies = [
 "spacemit-hal",
 "spacemit-riscv",
]
